{
  "object": {
    "pins": [
      {
        "package": "TPKeyboardAvoiding",
        "repositoryURL": "https://github.com/michaeltyson/TPKeyboardAvoiding.git",
        "state": {
          "branch": "master",
          "revision": "3217d6287a6b0ecb1db65a214a2e0fba9934e417",
          "version": null
        }
      }
    ]
  },
  "version": 1
}
